lockfileVersion: 5.3

specifiers:
  '@vk-io/hear': 1.1.0
  '@vk-io/session': 2.1.0
  dotenv: 16.0.1
  vk-io: 4.3.1

dependencies:
  '@vk-io/hear': 1.1.0_vk-io@4.3.1
  '@vk-io/session': 2.1.0_vk-io@4.3.1
  dotenv: 16.0.1
  vk-io: 4.3.1

packages:

  /@vk-io/hear/1.1.0_vk-io@4.3.1:
    resolution: {integrity: sha512-L2Jfn+L9otrnxbZSt6K10nCnF/KyLrFuuEYufx03Y+HOSoq6cIIopKtPLPfMH7lqVg/0iLZ3jTqzbG+qOi4YuQ==}
    engines: {node: '>=12.0.0'}
    peerDependencies:
      vk-io: ^4.0.0
    dependencies:
      middleware-io: 2.8.0
      vk-io: 4.3.1
    dev: false

  /@vk-io/session/2.1.0_vk-io@4.3.1:
    resolution: {integrity: sha512-HZwodlEz/WCR+5ILWNbRE/oebEYywNSk4uN5Ax15Ma72+bnuWXDu3HTABOo2qKXK3G/UOavE0Q5tWlt5Tmt9Jg==}
    engines: {node: '>=12.0.0'}
    peerDependencies:
      vk-io: ^4.0.0
    dependencies:
      vk-io: 4.3.1
    dev: false

  /abort-controller/3.0.0:
    resolution: {integrity: sha512-h8lQ8tacZYnR3vNQTgibj+tODHI5/+l06Au2Pcriv/Gmet0eaj4TwWH41sO9wnHDiQsEj19q0drzdWdeAHtweg==}
    engines: {node: '>=6.5'}
    dependencies:
      event-target-shim: 5.0.1
    dev: false

  /debug/4.3.4:
    resolution: {integrity: sha512-PRWFHuSU3eDtQJPvnNY7Jcket1j0t5OuOsFzPPzsekD52Zl8qUfFIPEiswXqIvHWGVHOgX+7G/vCNNhehwxfkQ==}
    engines: {node: '>=6.0'}
    peerDependencies:
      supports-color: '*'
    peerDependenciesMeta:
      supports-color:
        optional: true
    dependencies:
      ms: 2.1.2
    dev: false

  /dotenv/16.0.1:
    resolution: {integrity: sha512-1K6hR6wtk2FviQ4kEiSjFiH5rpzEVi8WW0x96aztHVMhEspNpc4DVOUTEHtEva5VThQ8IaBX1Pe4gSzpVVUsKQ==}
    engines: {node: '>=12'}
    dev: false

  /event-target-shim/5.0.1:
    resolution: {integrity: sha512-i/2XbnSz/uxRCU6+NdVJgKWDTM427+MqYbkQzD321DuCQJUqOuJKIA0IM2+W2xtYHdKOmZ4dR6fExsd4SXL+WQ==}
    engines: {node: '>=6'}
    dev: false

  /fetch-blob/2.1.2:
    resolution: {integrity: sha512-YKqtUDwqLyfyMnmbw8XD6Q8j9i/HggKtPEI+pZ1+8bvheBu78biSmNaXWusx1TauGqtUUGx/cBb1mKdq2rLYow==}
    engines: {node: ^10.17.0 || >=12.3.0}
    peerDependencies:
      domexception: '*'
    peerDependenciesMeta:
      domexception:
        optional: true
    dev: false

  /form-data-encoder/1.4.3:
    resolution: {integrity: sha512-ARLR/jJaj3+tlKkO7h1uvvjQcD6xCiKyg42hcG5Q4jv8uDa1IMPs81bM3BwI8BrqVEQxF9pX6tx0iLIzAvr31Q==}
    dev: false

  /form-data-encoder/1.7.2:
    resolution: {integrity: sha512-qfqtYan3rxrnCk1VYaA4H+Ms9xdpPqvLZa6xmMgFvhO32x7/3J/ExcTd6qpxM0vH2GdMI+poehyBZvqfMTto8A==}
    dev: false

  /formdata-node/3.7.0:
    resolution: {integrity: sha512-O3y7XoWwE4zRvI5e1yVPDHyDGtEgGEI10KxTbQeMbEEt+imR7uxbL5Z4BCaHz5M09d1pkrFaqeYc8beAce4VSw==}
    engines: {node: '>= 12.4'}
    dependencies:
      fetch-blob: 2.1.2
      form-data-encoder: 1.4.3
      node-domexception: 1.0.0
    transitivePeerDependencies:
      - domexception
    dev: false

  /inspectable/1.2.1:
    resolution: {integrity: sha512-OKfL06Szd6TW5asTRtsmiAZXeli85jHQHmgN5YepTlxOh3gj/1PZA0WR0BKFUOwDOo7sl0DMrJThmNi7u8PrWw==}
    engines: {node: '>=12.0.0'}
    peerDependencies:
      reflect-metadata: ^0.1.13
    peerDependenciesMeta:
      reflect-metadata:
        optional: true
    dev: false

  /middleware-io/2.8.0:
    resolution: {integrity: sha512-0H1cmtQwo2GGhfpTeoqcN/tdJNoCgZ5QVPK7xRMEkiL1mYzEF3bEQt8AMDJ6OAV0bUNU/c8nL5lRymdkLPRb9w==}
    engines: {node: '>=12.0.0'}
    dev: false

  /ms/2.1.2:
    resolution: {integrity: sha512-sGkPx+VjMtmA6MX27oA4FBFELFCZZ4S4XqeGOXCv68tT+jb3vk/RyaKWP0PTKyWtmLSM0b+adUTEvbs1PEaH2w==}
    dev: false

  /node-domexception/1.0.0:
    resolution: {integrity: sha512-/jKZoMpw0F8GRwl4/eLROPA3cfcXtLApP0QzLmUT/HuPCZWyB7IY9ZrMeKw2O/nFIqPQB3PVM9aYm0F312AXDQ==}
    engines: {node: '>=10.5.0'}
    dev: false

  /node-fetch/2.6.7:
    resolution: {integrity: sha512-ZjMPFEfVx5j+y2yF35Kzx5sF7kDzxuDj6ziH4FFbOp87zKDZNx8yExJIb05OGF4Nlt9IHFIMBkRl41VdvcNdbQ==}
    engines: {node: 4.x || >=6.0.0}
    peerDependencies:
      encoding: ^0.1.0
    peerDependenciesMeta:
      encoding:
        optional: true
    dependencies:
      whatwg-url: 5.0.0
    dev: false

  /tr46/0.0.3:
    resolution: {integrity: sha1-gYT9NH2snNwYWZLzpmIuFLnZq2o=}
    dev: false

  /vk-io/4.3.1:
    resolution: {integrity: sha512-ceFgfOHF3uNyy+jBDD4ZZzymcaDbBd3k1UgKWt0L02fzDqJPhQVXjy8x6OKSZXBxqEtQP/M2K3GroEqs/4PqGg==}
    engines: {node: '>=12.0.0'}
    dependencies:
      abort-controller: 3.0.0
      debug: 4.3.4
      form-data-encoder: 1.7.2
      formdata-node: 3.7.0
      inspectable: 1.2.1
      middleware-io: 2.8.0
      node-fetch: 2.6.7
    transitivePeerDependencies:
      - domexception
      - encoding
      - reflect-metadata
      - supports-color
    dev: false

  /webidl-conversions/3.0.1:
    resolution: {integrity: sha1-JFNCdeKnvGvnvIZhHMFq4KVlSHE=}
    dev: false

  /whatwg-url/5.0.0:
    resolution: {integrity: sha1-lmRU6HZUYuN2RNNib2dCzotwll0=}
    dependencies:
      tr46: 0.0.3
      webidl-conversions: 3.0.1
    dev: false
